
Microsoft Visual Studio Solution File, Format Version 12.00
# Visual Studio Version 17
VisualStudioVersion = 17.14.36221.1 d17.14
MinimumVisualStudioVersion = 10.0.40219.1
Project("{FAE04EC0-301F-11D3-BF4B-00C04F79EFBC}") = "AuthAPI", "AuthAPI\AuthAPI.csproj", "{2BAE8303-106A-4530-B6D8-E875D3E00954}"
EndProject
Project("{FAE04EC0-301F-11D3-BF4B-00C04F79EFBC}") = "Domain", "Domain\Domain.csproj", "{F4321A78-9008-4D24-B63E-9412E5655EB3}"
EndProject
Project("{FAE04EC0-301F-11D3-BF4B-00C04F79EFBC}") = "Application", "Application\Application.csproj", "{25625E8A-F7CE-45A7-9715-62FCCF8EC393}"
EndProject
Project("{FAE04EC0-301F-11D3-BF4B-00C04F79EFBC}") = "Infrastructure", "Infrastructure\Infrastructure.csproj", "{F78A95BF-C742-4F62-9E76-3B070E5EAA1B}"
EndProject
Global
	GlobalSection(SolutionConfigurationPlatforms) = preSolution
		Debug|Any CPU = Debug|Any CPU
		Release|Any CPU = Release|Any CPU
	EndGlobalSection
	GlobalSection(ProjectConfigurationPlatforms) = postSolution
		{2BAE8303-106A-4530-B6D8-E875D3E00954}.Debug|Any CPU.ActiveCfg = Debug|Any CPU
		{2BAE8303-106A-4530-B6D8-E875D3E00954}.Debug|Any CPU.Build.0 = Debug|Any CPU
		{2BAE8303-106A-4530-B6D8-E875D3E00954}.Release|Any CPU.ActiveCfg = Release|Any CPU
		{2BAE8303-106A-4530-B6D8-E875D3E00954}.Release|Any CPU.Build.0 = Release|Any CPU
		{F4321A78-9008-4D24-B63E-9412E5655EB3}.Debug|Any CPU.ActiveCfg = Debug|Any CPU
		{F4321A78-9008-4D24-B63E-9412E5655EB3}.Debug|Any CPU.Build.0 = Debug|Any CPU
		{F4321A78-9008-4D24-B63E-9412E5655EB3}.Release|Any CPU.ActiveCfg = Release|Any CPU
		{F4321A78-9008-4D24-B63E-9412E5655EB3}.Release|Any CPU.Build.0 = Release|Any CPU
		{25625E8A-F7CE-45A7-9715-62FCCF8EC393}.Debug|Any CPU.ActiveCfg = Debug|Any CPU
		{25625E8A-F7CE-45A7-9715-62FCCF8EC393}.Debug|Any CPU.Build.0 = Debug|Any CPU
		{25625E8A-F7CE-45A7-9715-62FCCF8EC393}.Release|Any CPU.ActiveCfg = Release|Any CPU
		{25625E8A-F7CE-45A7-9715-62FCCF8EC393}.Release|Any CPU.Build.0 = Release|Any CPU
		{F78A95BF-C742-4F62-9E76-3B070E5EAA1B}.Debug|Any CPU.ActiveCfg = Debug|Any CPU
		{F78A95BF-C742-4F62-9E76-3B070E5EAA1B}.Debug|Any CPU.Build.0 = Debug|Any CPU
		{F78A95BF-C742-4F62-9E76-3B070E5EAA1B}.Release|Any CPU.ActiveCfg = Release|Any CPU
		{F78A95BF-C742-4F62-9E76-3B070E5EAA1B}.Release|Any CPU.Build.0 = Release|Any CPU
	EndGlobalSection
	GlobalSection(SolutionProperties) = preSolution
		HideSolutionNode = FALSE
	EndGlobalSection
	GlobalSection(ExtensibilityGlobals) = postSolution
		SolutionGuid = {402186C8-7D22-4D49-A2CB-1A493B300768}
	EndGlobalSection
EndGlobal
